{
    "_meta": {
        "hash": {
            "sha256": "18f3f9d18dc44853574bca2b15eab7c89ba00e2d774f3d7275f7664b9a7270ef"
        },
        "pipfile-spec": 6,
        "requires": {
            "python_version": "3.9"
        },
        "sources": [
            {
                "name": "pypi",
                "url": "https://pypi.org/simple",
                "verify_ssl": true
            }
        ]
    },
    "default": {
        "certifi": {
            "hashes": [
                "sha256:017c25db2a153ce562900032d5bc68e9f191e44e9a0f762f373977de9df1fbb3",
                "sha256:25b64c7da4cd7479594d035c08c2d809eb4aab3a26e5a990ea98cc450c320f1f"
            ],
            "index": "pypi",
            "version": "==2019.11.28"
        },
        "chardet": {
            "hashes": [
                "sha256:84ab92ed1c4d4f16916e05906b6b75a6c0fb5db821cc65e70cbd64a3e2a5eaae",
                "sha256:fc323ffcaeaed0e0a02bf4d117757b98aed530d9ed4531e3e15460124c106691"
            ],
            "index": "pypi",
            "version": "==3.0.4"
        },
        "click": {
            "hashes": [
                "sha256:8a18b4ea89d8820c5d0c7da8a64b2c324b4dabb695804dbfea19b9be9d88c0cc",
                "sha256:e345d143d80bf5ee7534056164e5e112ea5e22716bbb1ce727941f4c8b471b9a"
            ],
            "index": "pypi",
            "version": "==7.1.1"
        },
        "dnspython": {
            "hashes": [
                "sha256:36c5e8e38d4369a08b6780b7f27d790a292b2b08eea01607865bf0936c558e01",
                "sha256:f69c21288a962f4da86e56c4905b49d11aba7938d3d740e80d9e366ee4f1632d"
            ],
            "version": "==1.16.0"
        },
        "flask": {
            "hashes": [
                "sha256:13f9f196f330c7c2c5d7a5cf91af894110ca0215ac051b5844701f2bfd934d52",
                "sha256:45eb5a6fd193d6cf7e0cf5d8a5b31f83d5faae0293695626f539a823e93b13f6"
            ],
            "index": "pypi",
            "version": "==1.1.1"
        },
        "gunicorn": {
            "hashes": [
                "sha256:1904bb2b8a43658807108d59c3f3d56c2b6121a701161de0ddf9ad140073c626",
                "sha256:cd4a810dd51bf497552cf3f863b575dabd73d6ad6a91075b65936b151cbf4f9c"
            ],
            "index": "pypi",
            "version": "==20.0.4"
        },
        "idna": {
            "hashes": [
                "sha256:7588d1c14ae4c77d74036e8c22ff447b26d0fde8f007354fd48a7814db15b7cb",
                "sha256:a068a21ceac8a4d63dbfd964670474107f541babbd2250d61922f029858365fa"
            ],
            "index": "pypi",
            "version": "==2.9"
        },
        "itsdangerous": {
            "hashes": [
                "sha256:321b033d07f2a4136d3ec762eac9f16a10ccd60f53c0c91af90217ace7ba1f19",
                "sha256:b12271b2047cb23eeb98c8b5622e2e5c5e9abd9784a153e9d8ef9cb4dd09d749"
            ],
            "index": "pypi",
            "version": "==1.1.0"
        },
        "jinja2": {
            "hashes": [
                "sha256:93187ffbc7808079673ef52771baa950426fd664d3aad1d0fa3e95644360e250",
                "sha256:b0eaf100007721b5c16c1fc1eecb87409464edc10469ddc9a22a27a99123be49"
            ],
            "index": "pypi",
            "version": "==2.11.1"
        },
        "markupsafe": {
            "hashes": [
                "sha256:00bc623926325b26bb9605ae9eae8a215691f33cae5df11ca5424f06f2d1f473",
                "sha256:09027a7803a62ca78792ad89403b1b7a73a01c8cb65909cd876f7fcebd79b161",
                "sha256:09c4b7f37d6c648cb13f9230d847adf22f8171b1ccc4d5682398e77f40309235",
                "sha256:1027c282dad077d0bae18be6794e6b6b8c91d58ed8a8d89a89d59693b9131db5",
                "sha256:13d3144e1e340870b25e7b10b98d779608c02016d5184cfb9927a9f10c689f42",
                "sha256:195d7d2c4fbb0ee8139a6cf67194f3973a6b3042d742ebe0a9ed36d8b6f0c07f",
                "sha256:22c178a091fc6630d0d045bdb5992d2dfe14e3259760e713c490da5323866c39",
                "sha256:24982cc2533820871eba85ba648cd53d8623687ff11cbb805be4ff7b4c971aff",
                "sha256:29872e92839765e546828bb7754a68c418d927cd064fd4708fab9fe9c8bb116b",
                "sha256:2beec1e0de6924ea551859edb9e7679da6e4870d32cb766240ce17e0a0ba2014",
                "sha256:3b8a6499709d29c2e2399569d96719a1b21dcd94410a586a18526b143ec8470f",
                "sha256:43a55c2930bbc139570ac2452adf3d70cdbb3cfe5912c71cdce1c2c6bbd9c5d1",
                "sha256:46c99d2de99945ec5cb54f23c8cd5689f6d7177305ebff350a58ce5f8de1669e",
                "sha256:500d4957e52ddc3351cabf489e79c91c17f6e0899158447047588650b5e69183",
                "sha256:535f6fc4d397c1563d08b88e485c3496cf5784e927af890fb3c3aac7f933ec66",
                "sha256:596510de112c685489095da617b5bcbbac7dd6384aeebeda4df6025d0256a81b",
                "sha256:62fe6c95e3ec8a7fad637b7f3d372c15ec1caa01ab47926cfdf7a75b40e0eac1",
                "sha256:6788b695d50a51edb699cb55e35487e430fa21f1ed838122d722e0ff0ac5ba15",
                "sha256:6dd73240d2af64df90aa7c4e7481e23825ea70af4b4922f8ede5b9e35f78a3b1",
                "sha256:6f1e273a344928347c1290119b493a1f0303c52f5a5eae5f16d74f48c15d4a85",
                "sha256:6fffc775d90dcc9aed1b89219549b329a9250d918fd0b8fa8d93d154918422e1",
                "sha256:717ba8fe3ae9cc0006d7c451f0bb265ee07739daf76355d06366154ee68d221e",
                "sha256:79855e1c5b8da654cf486b830bd42c06e8780cea587384cf6545b7d9ac013a0b",
                "sha256:7c1699dfe0cf8ff607dbdcc1e9b9af1755371f92a68f706051cc8c37d447c905",
                "sha256:7fed13866cf14bba33e7176717346713881f56d9d2bcebab207f7a036f41b850",
                "sha256:84dee80c15f1b560d55bcfe6d47b27d070b4681c699c572af2e3c7cc90a3b8e0",
                "sha256:88e5fcfb52ee7b911e8bb6d6aa2fd21fbecc674eadd44118a9cc3863f938e735",
                "sha256:8defac2f2ccd6805ebf65f5eeb132adcf2ab57aa11fdf4c0dd5169a004710e7d",
                "sha256:98bae9582248d6cf62321dcb52aaf5d9adf0bad3b40582925ef7c7f0ed85fceb",
                "sha256:98c7086708b163d425c67c7a91bad6e466bb99d797aa64f965e9d25c12111a5e",
                "sha256:9add70b36c5666a2ed02b43b335fe19002ee5235efd4b8a89bfcf9005bebac0d",
                "sha256:9bf40443012702a1d2070043cb6291650a0841ece432556f784f004937f0f32c",
                "sha256:a6a744282b7718a2a62d2ed9d993cad6f5f585605ad352c11de459f4108df0a1",
                "sha256:acf08ac40292838b3cbbb06cfe9b2cb9ec78fce8baca31ddb87aaac2e2dc3bc2",
                "sha256:ade5e387d2ad0d7ebf59146cc00c8044acbd863725f887353a10df825fc8ae21",
                "sha256:b00c1de48212e4cc9603895652c5c410df699856a2853135b3967591e4beebc2",
                "sha256:b1282f8c00509d99fef04d8ba936b156d419be841854fe901d8ae224c59f0be5",
                "sha256:b1dba4527182c95a0db8b6060cc98ac49b9e2f5e64320e2b56e47cb2831978c7",
                "sha256:b2051432115498d3562c084a49bba65d97cf251f5a331c64a12ee7e04dacc51b",
                "sha256:b7d644ddb4dbd407d31ffb699f1d140bc35478da613b441c582aeb7c43838dd8",
                "sha256:ba59edeaa2fc6114428f1637ffff42da1e311e29382d81b339c1817d37ec93c6",
                "sha256:bf5aa3cbcfdf57fa2ee9cd1822c862ef23037f5c832ad09cfea57fa846dec193",
                "sha256:c8716a48d94b06bb3b2524c2b77e055fb313aeb4ea620c8dd03a105574ba704f",
                "sha256:caabedc8323f1e93231b52fc32bdcde6db817623d33e100708d9a68e1f53b26b",
                "sha256:cd5df75523866410809ca100dc9681e301e3c27567cf498077e8551b6d20e42f",
                "sha256:cdb132fc825c38e1aeec2c8aa9338310d29d337bebbd7baa06889d09a60a1fa2",
                "sha256:d53bc011414228441014aa71dbec320c66468c1030aae3a6e29778a3382d96e5",
                "sha256:d73a845f227b0bfe8a7455ee623525ee656a9e2e749e4742706d80a6065d5e2c",
                "sha256:d9be0ba6c527163cbed5e0857c451fcd092ce83947944d6c14bc95441203f032",
                "sha256:e249096428b3ae81b08327a63a485ad0878de3fb939049038579ac0ef61e17e7",
                "sha256:e8313f01ba26fbbe36c7be1966a7b7424942f670f38e666995b88d012765b9be",
                "sha256:feb7b34d6325451ef96bc0e36e1a6c0c1c64bc1fbec4b854f4529e51887b1621"
            ],
            "index": "pypi",
            "version": "==1.1.1"
        },
        "pykerberos": {
            "hashes": [
                "sha256:4f2dca8df5f84a3be039c026893850d731a8bb38395292e1610ffb0a08ba876c"
            ],
            "version": "==1.2.1"
        },
        "pymongo": {
            "extras": [
                "gssapi",
                "snappy",
                "srv",
                "tls"
            ],
            "hashes": [
                "sha256:0384d76b409278ddb34ac19cdc4664511685959bf719adbdc051875ded4689aa",
                "sha256:05e2bda928a3a6bc6ddff9e5a8579d41928b75d7417b18f9a67c82bb52150ac6",
                "sha256:152e4ac3158b776135d8fce28d2ac06e682b885fcbe86690d66465f262ab244e",
                "sha256:180511abfef70feb022360b35f4863dd68e08334197089201d5c52208de9ca2e",
                "sha256:19d52c60dc37520385f538d6d1a4c40bc398e0885f4ed6a36ce10b631dab2852",
                "sha256:1d559a76ae87143ad96c2ecd6fdd38e691721e175df7ced3fcdc681b4638bca1",
                "sha256:210ec4a058480b9c3869082e52b66d80c4a48eda9682d7a569a1a5a48100ea54",
                "sha256:2163d736d6f62b20753be5da3dc07a188420b355f057fcbb3075b05ee6227b2f",
                "sha256:22ee2c94fee1e391735be63aa1c9af4c69fdcb325ae9e5e4ddff770248ef60a6",
                "sha256:28633868be21a187702a8613913e13d1987d831529358c29fc6f6670413df040",
                "sha256:29390c39ca873737689a0749c9c3257aad96b323439b11279fbc0ba8626ec9c5",
                "sha256:2aeb108da1ed8e066800fb447ba5ae89d560e6773d228398a87825ac3630452d",
                "sha256:322f6cc7bf23a264151ebc5229a92600c4b55ac83c83c91c9bab1ec92c888a8d",
                "sha256:34c15f5798f23488e509eae82fbf749c3d17db74379a88c07c869ece1aa806b9",
                "sha256:3873866534b6527e6863e742eb23ea2a539e3c7ee00ad3f9bec9da27dbaaff6f",
                "sha256:3dbc67754882d740f17809342892f0b24398770bd99d48c5cb5ba89f5f5dee4e",
                "sha256:413b18ac2222f5d961eb8d1c8dcca6c6ca176c8613636d8c13aa23abae7f7a21",
                "sha256:42f9ec9d77358f557fe17cc15e796c4d4d492ede1a30cba3664822cae66e97c5",
                "sha256:4ac387ac1be71b798d1c372a924f9c30352f30e684e06f086091297352698ac0",
                "sha256:4ca92e15fcf02e02e7c24b448a16599b98c9d0e6a46cd85cc50804450ebf7245",
                "sha256:4d959e929cec805c2bf391418b1121590b4e7d5cb00af7b1ba521443d45a0918",
                "sha256:5091aacbdb667b418b751157f48f6daa17142c4f9063d58e5a64c90b2afbdf9a",
                "sha256:5a03ae5ac85b04b2034a0689add9ff597b16d5e24066a87f6ab0e9fa67049156",
                "sha256:5e1341276ce8b7752db9aeac6bbb0cbe82a3f6a6186866bf6b4906d8d328d50b",
                "sha256:6043d251fac27ca04ff22ed8deb5ff7a43dc18e8a4a15b4c442d2a20fa313162",
                "sha256:610d5cbbfd026e2f6d15665af51e048e49b68363fedece2ed318cc8fe080dd94",
                "sha256:622a5157ffcd793d305387c1c9fb94185f496c8c9fd66dafb59de0807bc14ad7",
                "sha256:65b67637f0a25ac9d25efb13c1578eb065870220ffa82f132c5b2d8e43ac39c3",
                "sha256:66573c8c7808cce4f3b56c23cb7cad6c3d7f4c464b9016d35f5344ad743896d7",
                "sha256:66b688fc139c6742057795510e3b12c4acbf90d11af1eff9689a41d9c84478d6",
                "sha256:685b884fa41bd2913fd20af85866c4ff886b7cbb7e4833b918996aa5d45a04be",
                "sha256:6a5834e392c97f19f36670e34bf9d346d733ad89ee0689a6419dd737dfa4308a",
                "sha256:728313cc0d59d1a1a004f675607dcf5c711ced3f55e75d82b3f264fd758869f3",
                "sha256:733e1cfffc4cd99848230e2999c8a86e284c6af6746482f8ad2ad554dce14e39",
                "sha256:7814b2cf23aad23464859973c5cd2066ca2fd99e0b934acefbb0b728ac2525bf",
                "sha256:7c77801620e5e75fb9c7abae235d3cc45d212a67efa98f4972eef63e736a8daa",
                "sha256:7cd42c66d49ffb68dea065e1c8a4323e7ceab386e660fee9863d4fa227302ba9",
                "sha256:7d2ae2f7c50adec20fde46a73465de31a6a6fbb4903240f8b7304549752ca7a1",
                "sha256:7edff02e44dd0badd749d7342e40705a398d98c5d8f7570f57cff9568c2351fa",
                "sha256:87981008d565f647142869d99915cc4760b7725858da3d39ecb2a606e23f36fd",
                "sha256:92e2376ce3ca0e3e443b3c5c2bb5d584c7e59221edfb0035313c6306049ba55a",
                "sha256:950710f7370613a6bfa2ccd842b488c5b8072e83fb6b7d45d99110bf44651d06",
                "sha256:980527f4ccc6644855bb68056fe7835da6d06d37776a52df5bcc1882df57c3db",
                "sha256:9fbffc5bad4df99a509783cbd449ed0d24fcd5a450c28e7756c8f20eda3d2aa5",
                "sha256:a8b02e0119d6ee381a265d8d2450a38096f82916d895fed2dfd81d4c7a54d6e4",
                "sha256:b17e627844d86031c77147c40bf992a6e1114025a460874deeda6500d0f34862",
                "sha256:b1aa62903a2c5768b0001632efdea2e8da6c80abdd520c2e8a16001cc9affb23",
                "sha256:b32e4eed2ef19a20dfb57698497a9bc54e74efb2e260c003e9056c145f130dc7",
                "sha256:b44fa04720bbfd617b6aef036989c8c30435f11450c0a59136291d7b41ed647f",
                "sha256:b4535d98df83abebb572035754fb3d4ad09ce7449375fa09fa9ede2dbc87b62b",
                "sha256:bb6a5777bf558f444cd4883d617546182cfeff8f2d4acd885253f11a16740534",
                "sha256:bc2eb67387b8376120a2be6cba9d23f9d6a6c3828e00fb0a64c55ad7b54116d1",
                "sha256:bd351ceb2decd23d523fc50bad631ee9ae6e97e7cdc355ce5600fe310484f96e",
                "sha256:bf70097bd497089f1baabf9cbb3ec4f69c022dc7a70c41ba9c238fa4d0fff7ab",
                "sha256:c7fd18d4b7939408df9315fedbdb05e179760960a92b3752498e2fcd03f24c3d",
                "sha256:cc359e408712faf9ea775f4c0ec8f2bfc843afe47747a657808d9595edd34d71",
                "sha256:cd8fc35d4c0c717cc29b0cb894871555cb7137a081e179877ecc537e2607f0b9",
                "sha256:daa44cefde19978af57ac1d50413cd86ebf2b497328e7a27832f5824bda47439",
                "sha256:db5098587f58fbf8582d9bda2462762b367207246d3e19623782fb449c3c5fcc",
                "sha256:db6fd53ef5f1914ad801830406440c3bfb701e38a607eda47c38adba267ba300",
                "sha256:e1414599a97554d451e441afb362dbee1505e4550852c0068370d843757a3fe2",
                "sha256:ee42a8f850143ae7c67ea09a183a6a4ad8d053e1dbd9a1134e21a7b5c1bc6c73",
                "sha256:f23abcf6eca5859a2982beadfb5111f8c5e76e30ff99aaee3c1c327f814f9f10",
                "sha256:f6748c447feeadda059719ef5ab1fb9d84bd370e205b20049a0e8b45ef4ad593"
            ],
            "index": "pypi",
            "version": "==3.11.3"
        },
        "python-dotenv": {
            "hashes": [
                "sha256:81822227f771e0cab235a2939f0f265954ac4763cafd806d845801c863bf372f",
                "sha256:92b3123fb2d58a284f76cc92bfe4ee6c502c32ded73e8b051c4f6afc8b6751ed"
            ],
            "index": "pypi",
            "version": "==0.12.0"
        },
        "python-snappy": {
            "hashes": [
                "sha256:0094411996b5c4e621fc44f8b733ba3594e4cb621374905fe9b64a9c98d6503d",
                "sha256:0439b4850eb36157d85ee348649f074654ef919794653a143acb1cb02c977e3a",
                "sha256:052b89ce69fd69af0bb6759450ae769807710fc97e92b5dbafc55c12231b7374",
                "sha256:0cf6ff9006a9a68b6b7de0bedf815c6e7211b978d5f84b95e875c016e85e1645",
                "sha256:0d0089ba7d07bb96667a0925c341d47562236d07377ed80aa5748b5993397ebc",
                "sha256:131edc7701d3def8b72ef6cd61ab491d9efd7b92976dbababb424d74b9c7b180",
                "sha256:168a98d3f597b633cfeeae7fe1c78a8dfd81f018b866cf7ce9e4c56086af891a",
                "sha256:16bd1aaff4c738eff6ab953467c51a2bfd8679a0c033aa5d8a17da5822646037",
                "sha256:19a96759c8fc695986b691357bb2624bbc5190a2eb1839fb923fbc5aeec46a8f",
                "sha256:1ddc688d2164f3b99f1c7caf1cf137d70af201fe97fd727c5dbe7ec92ac0f1e6",
                "sha256:217745ade5ecb95db9ff029de9f8574d9e9847943a8f4aec6c44ae21567b34d7",
                "sha256:2354d255f7bd0bb2fbca6422a866c3adf93ff739a67f5cee1111db1e1796fac3",
                "sha256:2ee33fb4115c03037297b852da05be4af5106aaa89cee48393edcab784a3e2b7",
                "sha256:2efb42b0fcfa77c361a13951393b33cca60c02144b857e919d26aa0778c44994",
                "sha256:317059e6432bf9f58b48c566891fe2c552048241365ec2b7259db9e7908dd605",
                "sha256:36017d60beaab06eee3f197f685f5bc44801e7847753848b66d2beef73ed4e62",
                "sha256:4e79fa210e839b783d9e3ae71e1d68fe9cd319a258a74545221b340bada186f8",
                "sha256:55534761c2cd67cb5daae0adf96cf70cfa927365ce1dd8754b7f2e5580207c22",
                "sha256:57ba1052560edf457e776ed31104e3aec6137e0946e2d3f9485c814546101ac1",
                "sha256:5972dea9ead8a6bd5fa26b839e811a19977d1de446d1086ad2de6b0f95cba0d4",
                "sha256:5abe02e95f8001b99ac7f283ef86162d9cf12bc2cb1dc8b6fb39195ac10393df",
                "sha256:5c06962e2675bcb8667c9c0325f9ca73b2bc2f1f49ff90b52fca2dbb996d1d65",
                "sha256:615098b7f77bfd8373cedbd51bbafa8f11524299a2c9daa85b377f6f276b4186",
                "sha256:65be516490973f57c16962cdd511db56813fa5bcb96c627726580aa5cb967507",
                "sha256:6a6b6311af0941151008f5c07f8ff906e27f3cbc2960c79f5c26c95ad21fa873",
                "sha256:6ba085292a44e3f485d2831cb782204a83c990acace602aaef1fc6c2c69a3a5d",
                "sha256:70bb314e9bbbe072e094d5efde42f1e8fac64f1711acc89356c5d9851fc360cf",
                "sha256:71472441b63c0d5afbb9b81a19c0dafbaf073d8ab1bbfc70450ec81d3c4b86dc",
                "sha256:738fb370d0dd6bca71b0d5402f001602e859ffd8c5dcd7bc8493ef49d0e44297",
                "sha256:7b785a5c3163c5b0d41dedb0795e973eea32ba3b336b412b3123ec45e8bbd73a",
                "sha256:7e6d700b1f9be03e53c35a15b5bb51c473327d321632b64ecdab71542078ac2d",
                "sha256:7ef899f2704784032a1f020e983b29ef5c519203ffd0d5a17ff5e1f751b8dba6",
                "sha256:80e361065b87b5b65413cf45f2c9040fb85ed5329c1bccfbceca18ebee02a927",
                "sha256:87f5994aef0a1f1fde01904421106c9006015d97e7b13aa72998f5a942093603",
                "sha256:8b392483ece13646514262900e65296c01d671453cc417e045e2970f4855decd",
                "sha256:8d29b136799a3e059d22e37a3c80046e39d50baf1b0e973feb9450fbd7772fce",
                "sha256:9022e25a33ecadad1e5ff0cd1c6c60832ba3b4633b1a4d30e107b2a1bfad502d",
                "sha256:90537df2ba4a6da52ca55ab888d4d2ee410a3c4365d70bb4a2530d77afa992d6",
                "sha256:95be50dd65e6a46570642645ea2bbcd62bce5a58e822319b15dbdedfcd9fa717",
                "sha256:a2fae9ac351106b27f9506f34a3e9970d596fb0906b752c6fdc2e46596070ffe",
                "sha256:a3414e310ebed867709cfd903dd70ca5359491b3513dee97c64dc7306e526d66",
                "sha256:a515d6ec630822d43e79c77abfd1a80b1b4b00ba7b366d4e1f100cd853508e0a",
                "sha256:a5bf7a01b82ea3bbc7b1bd1e5060c9602ea664c8ffc31140fc9becc2fa175c4c",
                "sha256:ae88dabe6ab63446f4a15b3ed206e0fc5c9de609d81d8d41b7dc083618ffd4fb",
                "sha256:af47c221ec28eb46d35b6875b1c9119b525c0fc2f36e0eb246af942c03d3066a",
                "sha256:b4f25808d7d98954e51a581970e9968e23d6019d6aca9d9abc809e8b0a25a3a7",
                "sha256:c00c6224881bed690e547fc9712831a955fc97064f211f888b00fe6df1501e98",
                "sha256:c238ab412aeacce3fc82a322a3a4f12b99bc9d456112e213a3e85bff594f64e6",
                "sha256:cdfb9378eb00aca697f4539f4e14f61f2ccf984ee8c5496bf474795df372fade",
                "sha256:d1ec57f0f91e76d9fa2bc3e2a0473c91d6feca6541ce41fac38d4581950ce31a",
                "sha256:d64c7eefdef56a70d47c2a73955d2116d4ee64865313b488d6a64cfeb5ba5600",
                "sha256:d65f6c3e5539d657b5914d28f2ea7f8f4aa86b333a4a7cdd9fdc34f7fe5be33a",
                "sha256:d731cee6fae8904626b1af1edf56bd16d4c8e709afddc96bee785dd3345d209b",
                "sha256:d8cacada9824eafc8306fdd5f73ff57348c56f113e5676b86c29f92a71b6595f",
                "sha256:d9684a7ffb6e65313b92c2ec1934033c91d9fe8265c6cdd87412cf057d0066a5",
                "sha256:d9e97db64de3b6e58e26720b313c17bec701d38f393cf1576a06105f9dcdc2e8",
                "sha256:dc09e1a07895e4b5ec77fd83445ce835d9f2f4446967acbc4de2dc72e5bbae4a",
                "sha256:e17b56d64d86f519f5da1e64d5149ac93a6f093dc9338cd3e4066f51937c4c5c",
                "sha256:e3b9d50f0e7fe89cc94a51f540d6085f483317556dfe8aa96a16d6f8f247f76a",
                "sha256:f1ef8efafef0cc0f81f36e709b30088004a163612a8c1bbddb7b007bfb1900ff",
                "sha256:f200c606e9302c992f831d504a83aa37f3f84b48215e454b44adff601a2705ea",
                "sha256:f34008c8ec08c193a44ad5aa12a59bee768e32f33117c806562feda22a3397bd",
                "sha256:f90fa653530d7a989e79580b9f5e804e8d6733c6f0d76535facf56d1e30492b5",
                "sha256:fd88b7b254d67fde2d8f3539e9ff6d8170573e546a0d430c629b2eb64fd35f37",
                "sha256:fe85cbf99291c2eb66b7d7f4a15dd1e1203ffd96d4c87b32408e3a23b8c894e5"
            ],
            "version": "==0.6.0"
        },
        "requests": {
            "hashes": [
                "sha256:43999036bfa82904b6af1d99e4882b560e5e2c68e5c4b0aa03b655f3d7d73fee",
                "sha256:5d2d0ffbb515f39417009a46c14256291061ac01ba8f875b90cad137de83beb4",
                "sha256:b3f43d496c6daba4493e7c431722aeb7dbc6288f52a6e04e7b6023b0247817e6"
            ],
            "index": "pypi",
            "version": "==2.23.0"
        },
        "urllib3": {
            "hashes": [
                "sha256:2f3db8b19923a873b3e5256dc9c2dedfa883e33d87c690d9c7913e1f40673cdc",
                "sha256:87716c2d2a7121198ebcb7ce7cccf6ce5e9ba539041cfbaeecfb641dc0bf6acc"
            ],
            "index": "pypi",
            "version": "==1.25.8"
        },
        "werkzeug": {
            "hashes": [
                "sha256:169ba8a33788476292d04186ab33b01d6add475033dfc07215e6d219cc077096",
                "sha256:6dc65cf9091cf750012f56f2cad759fa9e879f511b5ff8685e456b4e3bf90d16"
            ],
            "index": "pypi",
            "version": "==1.0.0"
        }
    },
    "develop": {}
}
